
Microsoft Visual Studio Solution File, Format Version 12.00
# Visual Studio Version 16
VisualStudioVersion = 16.0.30717.126
MinimumVisualStudioVersion = 10.0.40219.1
Project("{FAE04EC0-301F-11D3-BF4B-00C04F79EFBC}") = "ACME.BL", "ACME.BL\ACME.BL.csproj", "{C66C3FE3-B581-4099-B7C6-8390A45E6192}"
EndProject
Project("{2150E333-8FDC-42A3-9474-1A3956D46DE8}") = "UnitTests", "UnitTests", "{91909BBA-FB9A-4DAD-B07F-52D00C4441B6}"
EndProject
Project("{FAE04EC0-301F-11D3-BF4B-00C04F79EFBC}") = "ACME.BLTest", "ACME.BLTest\ACME.BLTest.csproj", "{6537E9F9-B15D-483E-917E-09A77C2AB615}"
EndProject
Global
	GlobalSection(SolutionConfigurationPlatforms) = preSolution
		Debug|Any CPU = Debug|Any CPU
		Release|Any CPU = Release|Any CPU
	EndGlobalSection
	GlobalSection(ProjectConfigurationPlatforms) = postSolution
		{C66C3FE3-B581-4099-B7C6-8390A45E6192}.Debug|Any CPU.ActiveCfg = Debug|Any CPU
		{C66C3FE3-B581-4099-B7C6-8390A45E6192}.Debug|Any CPU.Build.0 = Debug|Any CPU
		{C66C3FE3-B581-4099-B7C6-8390A45E6192}.Release|Any CPU.ActiveCfg = Release|Any CPU
		{C66C3FE3-B581-4099-B7C6-8390A45E6192}.Release|Any CPU.Build.0 = Release|Any CPU
		{6537E9F9-B15D-483E-917E-09A77C2AB615}.Debug|Any CPU.ActiveCfg = Debug|Any CPU
		{6537E9F9-B15D-483E-917E-09A77C2AB615}.Debug|Any CPU.Build.0 = Debug|Any CPU
		{6537E9F9-B15D-483E-917E-09A77C2AB615}.Release|Any CPU.ActiveCfg = Release|Any CPU
		{6537E9F9-B15D-483E-917E-09A77C2AB615}.Release|Any CPU.Build.0 = Release|Any CPU
	EndGlobalSection
	GlobalSection(SolutionProperties) = preSolution
		HideSolutionNode = FALSE
	EndGlobalSection
	GlobalSection(NestedProjects) = preSolution
		{6537E9F9-B15D-483E-917E-09A77C2AB615} = {91909BBA-FB9A-4DAD-B07F-52D00C4441B6}
	EndGlobalSection
	GlobalSection(ExtensibilityGlobals) = postSolution
		SolutionGuid = {CD3A4433-209B-48B0-98AD-F87A7A51050B}
	EndGlobalSection
EndGlobal
